{
  "name": "traefikjam",
  "version": "0.0.7",
  "lockfileVersion": 2,
  "requires": true,
  "packages": {
    "": {
      "name": "traefikjam",
      "version": "0.0.7",
      "funding": [
        {
          "type": "github",
          "url": "https://github.com/sponsors/jojobyte"
        },
        "https://ko-fi.com/jojobyte",
        "https://liberapay.com/jojobyte/"
      ],
      "license": "MIT",
      "bin": {
        "traefik-jam": "bin/traefik-jam.js",
        "traefikjam": "bin/traefik-jam.js"
      },
      "engines": {
        "node": "^18.2.0"
      }
    }
  }
}
