{
  "name": "traefikjam",
  "version": "0.0.0",
  "lockfileVersion": 2,
  "requires": true,
  "packages": {
    "": {
      "name": "traefikjam",
      "version": "0.0.0",
      "license": "MIT",
      "bin": {
        "traefik-jam": "bin/traefik-jam.js",
        "traefikjam": "bin/traefik-jam.js"
      },
      "engines": {
        "node": "^18.2.0"
      }
    }
  }
}
